
Microsoft Visual Studio Solution File, Format Version 12.00
Project("{FAE04EC0-301F-11D3-BF4B-00C04F79EFBC}") = "SpeechPlugin", "SpeechPlugin\SpeechPlugin.csproj", "{8A1E7100-E33A-430D-954F-A5BB26776E65}"
EndProject
Project("{FAE04EC0-301F-11D3-BF4B-00C04F79EFBC}") = "Common", "Common\Common.csproj", "{89D0424D-A9EC-4BC3-BE47-FCC724569634}"
EndProject
Global
	GlobalSection(SolutionConfigurationPlatforms) = preSolution
		Debug|Any CPU = Debug|Any CPU
		Release|Any CPU = Release|Any CPU
	EndGlobalSection
	GlobalSection(ProjectConfigurationPlatforms) = postSolution
		{8A1E7100-E33A-430D-954F-A5BB26776E65}.Debug|Any CPU.ActiveCfg = Debug|Any CPU
		{8A1E7100-E33A-430D-954F-A5BB26776E65}.Debug|Any CPU.Build.0 = Debug|Any CPU
		{8A1E7100-E33A-430D-954F-A5BB26776E65}.Release|Any CPU.ActiveCfg = Release|Any CPU
		{8A1E7100-E33A-430D-954F-A5BB26776E65}.Release|Any CPU.Build.0 = Release|Any CPU
		{89D0424D-A9EC-4BC3-BE47-FCC724569634}.Debug|Any CPU.ActiveCfg = Debug|Any CPU
		{89D0424D-A9EC-4BC3-BE47-FCC724569634}.Debug|Any CPU.Build.0 = Debug|Any CPU
		{89D0424D-A9EC-4BC3-BE47-FCC724569634}.Release|Any CPU.ActiveCfg = Release|Any CPU
		{89D0424D-A9EC-4BC3-BE47-FCC724569634}.Release|Any CPU.Build.0 = Release|Any CPU
	EndGlobalSection
EndGlobal
