
Microsoft Visual Studio Solution File, Format Version 12.00
Project("{FAE04EC0-301F-11D3-BF4B-00C04F79EFBC}") = "SpeechPlugin", "SpeechPlugin\SpeechPlugin.csproj", "{8A1E7100-E33A-430D-954F-A5BB26776E65}"
EndProject
Project("{FAE04EC0-301F-11D3-BF4B-00C04F79EFBC}") = "Common", "Common\Common.csproj", "{89D0424D-A9EC-4BC3-BE47-FCC724569634}"
EndProject
Project("{FAE04EC0-301F-11D3-BF4B-00C04F79EFBC}") = "WeatherPlugin", "WeatherPlugin\WeatherPlugin.csproj", "{1CA48B5A-D025-4BCD-A985-8B50DAB8A343}"
EndProject
Project("{FAE04EC0-301F-11D3-BF4B-00C04F79EFBC}") = "SemanticFunctions", "SemanticFunctions\SemanticFunctions.csproj", "{8573AE25-F9FA-46E4-8A5E-B1BB7659376F}"
EndProject
Project("{FAE04EC0-301F-11D3-BF4B-00C04F79EFBC}") = "ChainedFunctions", "ChainedFunctions\ChainedFunctions.csproj", "{6111839E-FE97-4928-B52E-F77CBAA80D92}"
EndProject
Project("{FAE04EC0-301F-11D3-BF4B-00C04F79EFBC}") = "InternalDocSearchPlugin", "InternalDocSearchPlugin\InternalDocSearchPlugin.csproj", "{86B83830-F785-4B45-944E-5B8212E66D8D}"
EndProject
Global
	GlobalSection(SolutionConfigurationPlatforms) = preSolution
		Debug|Any CPU = Debug|Any CPU
		Release|Any CPU = Release|Any CPU
	EndGlobalSection
	GlobalSection(ProjectConfigurationPlatforms) = postSolution
		{8A1E7100-E33A-430D-954F-A5BB26776E65}.Debug|Any CPU.ActiveCfg = Debug|Any CPU
		{8A1E7100-E33A-430D-954F-A5BB26776E65}.Debug|Any CPU.Build.0 = Debug|Any CPU
		{8A1E7100-E33A-430D-954F-A5BB26776E65}.Release|Any CPU.ActiveCfg = Release|Any CPU
		{8A1E7100-E33A-430D-954F-A5BB26776E65}.Release|Any CPU.Build.0 = Release|Any CPU
		{89D0424D-A9EC-4BC3-BE47-FCC724569634}.Debug|Any CPU.ActiveCfg = Debug|Any CPU
		{89D0424D-A9EC-4BC3-BE47-FCC724569634}.Debug|Any CPU.Build.0 = Debug|Any CPU
		{89D0424D-A9EC-4BC3-BE47-FCC724569634}.Release|Any CPU.ActiveCfg = Release|Any CPU
		{89D0424D-A9EC-4BC3-BE47-FCC724569634}.Release|Any CPU.Build.0 = Release|Any CPU
		{1CA48B5A-D025-4BCD-A985-8B50DAB8A343}.Debug|Any CPU.ActiveCfg = Debug|Any CPU
		{1CA48B5A-D025-4BCD-A985-8B50DAB8A343}.Debug|Any CPU.Build.0 = Debug|Any CPU
		{1CA48B5A-D025-4BCD-A985-8B50DAB8A343}.Release|Any CPU.ActiveCfg = Release|Any CPU
		{1CA48B5A-D025-4BCD-A985-8B50DAB8A343}.Release|Any CPU.Build.0 = Release|Any CPU
		{8573AE25-F9FA-46E4-8A5E-B1BB7659376F}.Debug|Any CPU.ActiveCfg = Debug|Any CPU
		{8573AE25-F9FA-46E4-8A5E-B1BB7659376F}.Debug|Any CPU.Build.0 = Debug|Any CPU
		{8573AE25-F9FA-46E4-8A5E-B1BB7659376F}.Release|Any CPU.ActiveCfg = Release|Any CPU
		{8573AE25-F9FA-46E4-8A5E-B1BB7659376F}.Release|Any CPU.Build.0 = Release|Any CPU
		{6111839E-FE97-4928-B52E-F77CBAA80D92}.Debug|Any CPU.ActiveCfg = Debug|Any CPU
		{6111839E-FE97-4928-B52E-F77CBAA80D92}.Debug|Any CPU.Build.0 = Debug|Any CPU
		{6111839E-FE97-4928-B52E-F77CBAA80D92}.Release|Any CPU.ActiveCfg = Release|Any CPU
		{6111839E-FE97-4928-B52E-F77CBAA80D92}.Release|Any CPU.Build.0 = Release|Any CPU
		{86B83830-F785-4B45-944E-5B8212E66D8D}.Debug|Any CPU.ActiveCfg = Debug|Any CPU
		{86B83830-F785-4B45-944E-5B8212E66D8D}.Debug|Any CPU.Build.0 = Debug|Any CPU
		{86B83830-F785-4B45-944E-5B8212E66D8D}.Release|Any CPU.ActiveCfg = Release|Any CPU
		{86B83830-F785-4B45-944E-5B8212E66D8D}.Release|Any CPU.Build.0 = Release|Any CPU
	EndGlobalSection
EndGlobal
